
Microsoft Visual Studio Solution File, Format Version 12.00
# Visual Studio Version 17
VisualStudioVersion = 17.6.33712.159
MinimumVisualStudioVersion = 10.0.40219.1
Project("{8BC9CEB8-8B4A-11D0-8D11-00A0C91BC942}") = "laba.2.5", "laba.2.5\laba.2.5.vcxproj", "{B94E7BD8-E0D5-49EA-A323-D7AA53F66DCA}"
EndProject
Global
	GlobalSection(SolutionConfigurationPlatforms) = preSolution
		Debug|x64 = Debug|x64
		Debug|x86 = Debug|x86
		Release|x64 = Release|x64
		Release|x86 = Release|x86
	EndGlobalSection
	GlobalSection(ProjectConfigurationPlatforms) = postSolution
		{B94E7BD8-E0D5-49EA-A323-D7AA53F66DCA}.Debug|x64.ActiveCfg = Debug|x64
		{B94E7BD8-E0D5-49EA-A323-D7AA53F66DCA}.Debug|x64.Build.0 = Debug|x64
		{B94E7BD8-E0D5-49EA-A323-D7AA53F66DCA}.Debug|x86.ActiveCfg = Debug|Win32
		{B94E7BD8-E0D5-49EA-A323-D7AA53F66DCA}.Debug|x86.Build.0 = Debug|Win32
		{B94E7BD8-E0D5-49EA-A323-D7AA53F66DCA}.Release|x64.ActiveCfg = Release|x64
		{B94E7BD8-E0D5-49EA-A323-D7AA53F66DCA}.Release|x64.Build.0 = Release|x64
		{B94E7BD8-E0D5-49EA-A323-D7AA53F66DCA}.Release|x86.ActiveCfg = Release|Win32
		{B94E7BD8-E0D5-49EA-A323-D7AA53F66DCA}.Release|x86.Build.0 = Release|Win32
	EndGlobalSection
	GlobalSection(SolutionProperties) = preSolution
		HideSolutionNode = FALSE
	EndGlobalSection
	GlobalSection(ExtensibilityGlobals) = postSolution
		SolutionGuid = {F9DE0A88-5160-4629-AE07-FA2D8FD9F927}
	EndGlobalSection
EndGlobal
